
Microsoft Visual Studio Solution File, Format Version 12.00
# Visual Studio Version 16
VisualStudioVersion = 16.0.31729.503
MinimumVisualStudioVersion = 10.0.40219.1
Project("{FAE04EC0-301F-11D3-BF4B-00C04F79EFBC}") = "CarShowroom", "CarShowroom.csproj", "{05EDD995-AFE4-4580-B4BD-C76532B096FE}"
EndProject
Global
	GlobalSection(SolutionConfigurationPlatforms) = preSolution
		Debug|Any CPU = Debug|Any CPU
		Release|Any CPU = Release|Any CPU
	EndGlobalSection
	GlobalSection(ProjectConfigurationPlatforms) = postSolution
		{05EDD995-AFE4-4580-B4BD-C76532B096FE}.Debug|Any CPU.ActiveCfg = Debug|Any CPU
		{05EDD995-AFE4-4580-B4BD-C76532B096FE}.Debug|Any CPU.Build.0 = Debug|Any CPU
		{05EDD995-AFE4-4580-B4BD-C76532B096FE}.Release|Any CPU.ActiveCfg = Release|Any CPU
		{05EDD995-AFE4-4580-B4BD-C76532B096FE}.Release|Any CPU.Build.0 = Release|Any CPU
	EndGlobalSection
	GlobalSection(SolutionProperties) = preSolution
		HideSolutionNode = FALSE
	EndGlobalSection
	GlobalSection(ExtensibilityGlobals) = postSolution
		SolutionGuid = {F7D80293-44B4-4E9A-95A3-0771CA04FF23}
	EndGlobalSection
EndGlobal
